
Microsoft Visual Studio Solution File, Format Version 12.00
# Visual Studio Version 16
VisualStudioVersion = 16.0.31911.196
MinimumVisualStudioVersion = 10.0.40219.1
Project("{8BC9CEB8-8B4A-11D0-8D11-00A0C91BC942}") = "JSLoader", "JSLoader.vcxproj", "{468BE4D9-B7E1-4658-B5EC-DD2663B21585}"
EndProject
Global
	GlobalSection(SolutionConfigurationPlatforms) = preSolution
		Debug|x64 = Debug|x64
		Debug|x86 = Debug|x86
		Release|x64 = Release|x64
		Release|x86 = Release|x86
	EndGlobalSection
	GlobalSection(ProjectConfigurationPlatforms) = postSolution
		{468BE4D9-B7E1-4658-B5EC-DD2663B21585}.Debug|x64.ActiveCfg = Debug|x64
		{468BE4D9-B7E1-4658-B5EC-DD2663B21585}.Debug|x64.Build.0 = Debug|x64
		{468BE4D9-B7E1-4658-B5EC-DD2663B21585}.Debug|x86.ActiveCfg = Debug|Win32
		{468BE4D9-B7E1-4658-B5EC-DD2663B21585}.Debug|x86.Build.0 = Debug|Win32
		{468BE4D9-B7E1-4658-B5EC-DD2663B21585}.Release|x64.ActiveCfg = Release|x64
		{468BE4D9-B7E1-4658-B5EC-DD2663B21585}.Release|x64.Build.0 = Release|x64
		{468BE4D9-B7E1-4658-B5EC-DD2663B21585}.Release|x86.ActiveCfg = Release|Win32
		{468BE4D9-B7E1-4658-B5EC-DD2663B21585}.Release|x86.Build.0 = Release|Win32
	EndGlobalSection
	GlobalSection(SolutionProperties) = preSolution
		HideSolutionNode = FALSE
	EndGlobalSection
	GlobalSection(ExtensibilityGlobals) = postSolution
		SolutionGuid = {9BFA4D8B-9670-4903-8CE4-34C1397D74D0}
	EndGlobalSection
EndGlobal
